
Microsoft Visual Studio Solution File, Format Version 12.00
# Visual Studio Version 16
VisualStudioVersion = 16.0.29728.190
MinimumVisualStudioVersion = 10.0.40219.1
Project("{9A19103F-16F7-4668-BE54-9A1E7A4F7556}") = "BargainsAPI", "BargainsAPI\BargainsAPI.csproj", "{786A16AB-9A3B-4762-94EF-EC2F42E9C8C6}"
EndProject
Project("{9A19103F-16F7-4668-BE54-9A1E7A4F7556}") = "BargainsForCouples", "BargainsForCouples\BargainsForCouples.csproj", "{1A1185EA-139F-43FF-8D42-810F4FB5F41D}"
EndProject
Project("{9A19103F-16F7-4668-BE54-9A1E7A4F7556}") = "HotelDetailResponse", "HotelDetailResponse\HotelDetailResponse.csproj", "{20303066-A1B9-48F1-8E17-2A9D25344C8B}"
EndProject
Project("{FAE04EC0-301F-11D3-BF4B-00C04F79EFBC}") = "UnitTest", "UnitTest\UnitTest.csproj", "{3AB37DFF-0905-48D7-A669-1393AA083AB4}"
EndProject
Global
	GlobalSection(SolutionConfigurationPlatforms) = preSolution
		Debug|Any CPU = Debug|Any CPU
		Release|Any CPU = Release|Any CPU
	EndGlobalSection
	GlobalSection(ProjectConfigurationPlatforms) = postSolution
		{786A16AB-9A3B-4762-94EF-EC2F42E9C8C6}.Debug|Any CPU.ActiveCfg = Debug|Any CPU
		{786A16AB-9A3B-4762-94EF-EC2F42E9C8C6}.Debug|Any CPU.Build.0 = Debug|Any CPU
		{786A16AB-9A3B-4762-94EF-EC2F42E9C8C6}.Release|Any CPU.ActiveCfg = Release|Any CPU
		{786A16AB-9A3B-4762-94EF-EC2F42E9C8C6}.Release|Any CPU.Build.0 = Release|Any CPU
		{1A1185EA-139F-43FF-8D42-810F4FB5F41D}.Debug|Any CPU.ActiveCfg = Debug|Any CPU
		{1A1185EA-139F-43FF-8D42-810F4FB5F41D}.Debug|Any CPU.Build.0 = Debug|Any CPU
		{1A1185EA-139F-43FF-8D42-810F4FB5F41D}.Release|Any CPU.ActiveCfg = Release|Any CPU
		{1A1185EA-139F-43FF-8D42-810F4FB5F41D}.Release|Any CPU.Build.0 = Release|Any CPU
		{20303066-A1B9-48F1-8E17-2A9D25344C8B}.Debug|Any CPU.ActiveCfg = Debug|Any CPU
		{20303066-A1B9-48F1-8E17-2A9D25344C8B}.Debug|Any CPU.Build.0 = Debug|Any CPU
		{20303066-A1B9-48F1-8E17-2A9D25344C8B}.Release|Any CPU.ActiveCfg = Release|Any CPU
		{20303066-A1B9-48F1-8E17-2A9D25344C8B}.Release|Any CPU.Build.0 = Release|Any CPU
		{3AB37DFF-0905-48D7-A669-1393AA083AB4}.Debug|Any CPU.ActiveCfg = Debug|Any CPU
		{3AB37DFF-0905-48D7-A669-1393AA083AB4}.Debug|Any CPU.Build.0 = Debug|Any CPU
		{3AB37DFF-0905-48D7-A669-1393AA083AB4}.Release|Any CPU.ActiveCfg = Release|Any CPU
		{3AB37DFF-0905-48D7-A669-1393AA083AB4}.Release|Any CPU.Build.0 = Release|Any CPU
	EndGlobalSection
	GlobalSection(SolutionProperties) = preSolution
		HideSolutionNode = FALSE
	EndGlobalSection
	GlobalSection(ExtensibilityGlobals) = postSolution
		SolutionGuid = {07C45FF4-BBBA-4211-B738-D9DB75DD35AA}
	EndGlobalSection
EndGlobal
